
Microsoft Visual Studio Solution File, Format Version 12.00
# Visual Studio 15
VisualStudioVersion = 15.0.27130.2036
MinimumVisualStudioVersion = 10.0.40219.1
Project("{FAE04EC0-301F-11D3-BF4B-00C04F79EFBC}") = "ExamQuestionPaper", "ExamQuestionPaper\ExamQuestionPaper.csproj", "{62EFCD07-C3FB-439D-A945-35742A333958}"
EndProject
Global
	GlobalSection(SolutionConfigurationPlatforms) = preSolution
		Debug|Any CPU = Debug|Any CPU
		Release|Any CPU = Release|Any CPU
	EndGlobalSection
	GlobalSection(ProjectConfigurationPlatforms) = postSolution
		{62EFCD07-C3FB-439D-A945-35742A333958}.Debug|Any CPU.ActiveCfg = Debug|Any CPU
		{62EFCD07-C3FB-439D-A945-35742A333958}.Debug|Any CPU.Build.0 = Debug|Any CPU
		{62EFCD07-C3FB-439D-A945-35742A333958}.Release|Any CPU.ActiveCfg = Release|Any CPU
		{62EFCD07-C3FB-439D-A945-35742A333958}.Release|Any CPU.Build.0 = Release|Any CPU
	EndGlobalSection
	GlobalSection(SolutionProperties) = preSolution
		HideSolutionNode = FALSE
	EndGlobalSection
	GlobalSection(ExtensibilityGlobals) = postSolution
		SolutionGuid = {45425AD6-E39A-4058-B112-4CD2A5BC4E9D}
	EndGlobalSection
EndGlobal
